
Microsoft Visual Studio Solution File, Format Version 12.00
# Visual Studio 15
VisualStudioVersion = 15.0.28307.1231
MinimumVisualStudioVersion = 10.0.40219.1
Project("{FAE04EC0-301F-11D3-BF4B-00C04F79EFBC}") = "Daisy2Pi", "Daisy2Pi\Daisy2Pi.csproj", "{7E95B707-AF0C-4D53-AE36-F31D35E76FFE}"
EndProject
Global
	GlobalSection(SolutionConfigurationPlatforms) = preSolution
		Debug|Any CPU = Debug|Any CPU
		Release|Any CPU = Release|Any CPU
	EndGlobalSection
	GlobalSection(ProjectConfigurationPlatforms) = postSolution
		{7E95B707-AF0C-4D53-AE36-F31D35E76FFE}.Debug|Any CPU.ActiveCfg = Debug|Any CPU
		{7E95B707-AF0C-4D53-AE36-F31D35E76FFE}.Debug|Any CPU.Build.0 = Debug|Any CPU
		{7E95B707-AF0C-4D53-AE36-F31D35E76FFE}.Release|Any CPU.ActiveCfg = Release|Any CPU
		{7E95B707-AF0C-4D53-AE36-F31D35E76FFE}.Release|Any CPU.Build.0 = Release|Any CPU
	EndGlobalSection
	GlobalSection(SolutionProperties) = preSolution
		HideSolutionNode = FALSE
	EndGlobalSection
	GlobalSection(ExtensibilityGlobals) = postSolution
		SolutionGuid = {12E6AE5C-2F27-4CB7-997B-F010F3F3CCF4}
	EndGlobalSection
EndGlobal
